// !$*UTF8*$!
{
	archiveVersion = 1;
	classes = {
	};
	objectVersion = 77;
	objects = {

/* Begin PBXBuildFile section */
		084FA9CC129A565413BF2D33 /* ChatBubble.swift in Sources */ = {isa = PBXBuildFile; fileRef = E5AC78AF8EDB17A6086956E9 /* ChatBubble.swift */; };
		1291D9F1AF4FF2FBA4667934 /* SpeechVAD in Frameworks */ = {isa = PBXBuildFile; productRef = A56D009A81689AF6BDFF04C0 /* SpeechVAD */; };
		51A7EAA45E25B71EF395C47A /* KokoroTTS in Frameworks */ = {isa = PBXBuildFile; productRef = A31E746A6D108DB099E56A49 /* KokoroTTS */; };
		5B7504257C6D66ABFCA39A62 /* iOSEchoDemoApp.swift in Sources */ = {isa = PBXBuildFile; fileRef = F6272CEE6760F398E7944BF4 /* iOSEchoDemoApp.swift */; };
		7054BF5C7148B87D0F6D81B5 /* BundledModelStore.swift in Sources */ = {isa = PBXBuildFile; fileRef = A9A04D6BB7518ED0D92B15A6 /* BundledModelStore.swift */; };
		A2DDE61D8E74B8323740E9DC /* CompanionChatView.swift in Sources */ = {isa = PBXBuildFile; fileRef = A13A375D9B6BE9D517B2673F /* CompanionChatView.swift */; };
		A35E48503A12DBBC2E42B958 /* DiagnosticsView.swift in Sources */ = {isa = PBXBuildFile; fileRef = 001B9057BDFCBDEEBB6ECF99 /* DiagnosticsView.swift */; };
		C226DB80AEFA3A64AAF31474 /* VoiceLevelBar.swift in Sources */ = {isa = PBXBuildFile; fileRef = ADE30648F371FB1EBA9A0166 /* VoiceLevelBar.swift */; };
		D4589355F2D932B52DA3149E /* AudioCommon in Frameworks */ = {isa = PBXBuildFile; productRef = B3165CD4BB1748412E89D3C9 /* AudioCommon */; };
		D92E31EBD76831BA7043AC92 /* CompanionChatViewModel.swift in Sources */ = {isa = PBXBuildFile; fileRef = F77D422D6D4EF156935787B9 /* CompanionChatViewModel.swift */; };
		E7AFAAD1CC6078F212C6ACFA /* Qwen3PseudoStreamingASR.swift in Sources */ = {isa = PBXBuildFile; fileRef = B7435FE328299632FC121FF8 /* Qwen3PseudoStreamingASR.swift */; };
		FD0E3E6E13B58321A66ABB02 /* Qwen3ASR in Frameworks */ = {isa = PBXBuildFile; productRef = 0CD0961767393FDA6C01CB0D /* Qwen3ASR */; };
/* End PBXBuildFile section */

/* Begin PBXFileReference section */
		001B9057BDFCBDEEBB6ECF99 /* DiagnosticsView.swift */ = {isa = PBXFileReference; lastKnownFileType = sourcecode.swift; path = DiagnosticsView.swift; sourceTree = "<group>"; };
		26A43225A3AD8055A508396C /* Info.plist */ = {isa = PBXFileReference; lastKnownFileType = text.plist; path = Info.plist; sourceTree = "<group>"; };
		2D503B4C16B7B8B791C15953 /* Public */ = {isa = PBXFileReference; lastKnownFileType = folder; name = Public; path = ../..; sourceTree = SOURCE_ROOT; };
		A13A375D9B6BE9D517B2673F /* CompanionChatView.swift */ = {isa = PBXFileReference; lastKnownFileType = sourcecode.swift; path = CompanionChatView.swift; sourceTree = "<group>"; };
		A9A04D6BB7518ED0D92B15A6 /* BundledModelStore.swift */ = {isa = PBXFileReference; lastKnownFileType = sourcecode.swift; path = BundledModelStore.swift; sourceTree = "<group>"; };
		ADE30648F371FB1EBA9A0166 /* VoiceLevelBar.swift */ = {isa = PBXFileReference; lastKnownFileType = sourcecode.swift; path = VoiceLevelBar.swift; sourceTree = "<group>"; };
		B7435FE328299632FC121FF8 /* Qwen3PseudoStreamingASR.swift */ = {isa = PBXFileReference; lastKnownFileType = sourcecode.swift; path = Qwen3PseudoStreamingASR.swift; sourceTree = "<group>"; };
		D576940E8691F8312A270686 /* iOSEchoDemo.app */ = {isa = PBXFileReference; includeInIndex = 0; lastKnownFileType = wrapper.application; path = iOSEchoDemo.app; sourceTree = BUILT_PRODUCTS_DIR; };
		E5AC78AF8EDB17A6086956E9 /* ChatBubble.swift */ = {isa = PBXFileReference; lastKnownFileType = sourcecode.swift; path = ChatBubble.swift; sourceTree = "<group>"; };
		F6272CEE6760F398E7944BF4 /* iOSEchoDemoApp.swift */ = {isa = PBXFileReference; lastKnownFileType = sourcecode.swift; path = iOSEchoDemoApp.swift; sourceTree = "<group>"; };
		F77D422D6D4EF156935787B9 /* CompanionChatViewModel.swift */ = {isa = PBXFileReference; lastKnownFileType = sourcecode.swift; path = CompanionChatViewModel.swift; sourceTree = "<group>"; };
/* End PBXFileReference section */

/* Begin PBXFrameworksBuildPhase section */
		F81A40BC2A55E49BD176C93D /* Frameworks */ = {
			isa = PBXFrameworksBuildPhase;
			buildActionMask = 2147483647;
			files = (
				51A7EAA45E25B71EF395C47A /* KokoroTTS in Frameworks */,
				FD0E3E6E13B58321A66ABB02 /* Qwen3ASR in Frameworks */,
				1291D9F1AF4FF2FBA4667934 /* SpeechVAD in Frameworks */,
				D4589355F2D932B52DA3149E /* AudioCommon in Frameworks */,
			);
			runOnlyForDeploymentPostprocessing = 0;
		};
/* End PBXFrameworksBuildPhase section */

/* Begin PBXGroup section */
		06C26A3C18B912BDE1522CA0 = {
			isa = PBXGroup;
			children = (
				8E8FA63C16074E7B9E0D3165 /* iOSEchoDemo */,
				BC3F54D2DEB1667E45DE2F2A /* Packages */,
				CEAE63C4C39CF528CECE92CC /* Products */,
			);
			sourceTree = "<group>";
		};
		8E8FA63C16074E7B9E0D3165 /* iOSEchoDemo */ = {
			isa = PBXGroup;
			children = (
				A9A04D6BB7518ED0D92B15A6 /* BundledModelStore.swift */,
				E5AC78AF8EDB17A6086956E9 /* ChatBubble.swift */,
				A13A375D9B6BE9D517B2673F /* CompanionChatView.swift */,
				F77D422D6D4EF156935787B9 /* CompanionChatViewModel.swift */,
				001B9057BDFCBDEEBB6ECF99 /* DiagnosticsView.swift */,
				26A43225A3AD8055A508396C /* Info.plist */,
				F6272CEE6760F398E7944BF4 /* iOSEchoDemoApp.swift */,
				B7435FE328299632FC121FF8 /* Qwen3PseudoStreamingASR.swift */,
				ADE30648F371FB1EBA9A0166 /* VoiceLevelBar.swift */,
			);
			path = iOSEchoDemo;
			sourceTree = "<group>";
		};
		BC3F54D2DEB1667E45DE2F2A /* Packages */ = {
			isa = PBXGroup;
			children = (
				2D503B4C16B7B8B791C15953 /* Public */,
			);
			name = Packages;
			sourceTree = "<group>";
		};
		CEAE63C4C39CF528CECE92CC /* Products */ = {
			isa = PBXGroup;
			children = (
				D576940E8691F8312A270686 /* iOSEchoDemo.app */,
			);
			name = Products;
			sourceTree = "<group>";
		};
/* End PBXGroup section */

/* Begin PBXNativeTarget section */
		F498161164EB18D07F2CD400 /* iOSEchoDemo */ = {
			isa = PBXNativeTarget;
			buildConfigurationList = C679579BD4C3F79E69623021 /* Build configuration list for PBXNativeTarget "iOSEchoDemo" */;
			buildPhases = (
				472424893D2646AFE28BEEC4 /* Sources */,
				F81A40BC2A55E49BD176C93D /* Frameworks */,
			);
			buildRules = (
			);
			dependencies = (
			);
			name = iOSEchoDemo;
			packageProductDependencies = (
				A31E746A6D108DB099E56A49 /* KokoroTTS */,
				0CD0961767393FDA6C01CB0D /* Qwen3ASR */,
				A56D009A81689AF6BDFF04C0 /* SpeechVAD */,
				B3165CD4BB1748412E89D3C9 /* AudioCommon */,
			);
			productName = iOSEchoDemo;
			productReference = D576940E8691F8312A270686 /* iOSEchoDemo.app */;
			productType = "com.apple.product-type.application";
		};
/* End PBXNativeTarget section */

/* Begin PBXProject section */
		6E2023761F3147EAECED13BE /* Project object */ = {
			isa = PBXProject;
			attributes = {
				BuildIndependentTargetsInParallel = YES;
				LastUpgradeCheck = 1430;
				TargetAttributes = {
					F498161164EB18D07F2CD400 = {
						ProvisioningStyle = Automatic;
					};
				};
			};
			buildConfigurationList = 9A8ACB4F48AC031123D201F2 /* Build configuration list for PBXProject "iOSEchoDemo" */;
			developmentRegion = en;
			hasScannedForEncodings = 0;
			knownRegions = (
				Base,
				en,
			);
			mainGroup = 06C26A3C18B912BDE1522CA0;
			minimizedProjectReferenceProxies = 1;
			packageReferences = (
				D3A316A5C8FE280B7A2EA236 /* XCLocalSwiftPackageReference "../.." */,
			);
			preferredProjectObjectVersion = 77;
			productRefGroup = CEAE63C4C39CF528CECE92CC /* Products */;
			projectDirPath = "";
			projectRoot = "";
			targets = (
				F498161164EB18D07F2CD400 /* iOSEchoDemo */,
			);
		};
/* End PBXProject section */

/* Begin PBXSourcesBuildPhase section */
		472424893D2646AFE28BEEC4 /* Sources */ = {
			isa = PBXSourcesBuildPhase;
			buildActionMask = 2147483647;
			files = (
				7054BF5C7148B87D0F6D81B5 /* BundledModelStore.swift in Sources */,
				084FA9CC129A565413BF2D33 /* ChatBubble.swift in Sources */,
				A2DDE61D8E74B8323740E9DC /* CompanionChatView.swift in Sources */,
				D92E31EBD76831BA7043AC92 /* CompanionChatViewModel.swift in Sources */,
				A35E48503A12DBBC2E42B958 /* DiagnosticsView.swift in Sources */,
				E7AFAAD1CC6078F212C6ACFA /* Qwen3PseudoStreamingASR.swift in Sources */,
				C226DB80AEFA3A64AAF31474 /* VoiceLevelBar.swift in Sources */,
				5B7504257C6D66ABFCA39A62 /* iOSEchoDemoApp.swift in Sources */,
			);
			runOnlyForDeploymentPostprocessing = 0;
		};
/* End PBXSourcesBuildPhase section */

/* Begin XCBuildConfiguration section */
		1F1494CC74A6B81CC7422A3F /* Debug */ = {
			isa = XCBuildConfiguration;
			buildSettings = {
				ALWAYS_SEARCH_USER_PATHS = NO;
				CLANG_ANALYZER_NONNULL = YES;
				CLANG_ANALYZER_NUMBER_OBJECT_CONVERSION = YES_AGGRESSIVE;
				CLANG_CXX_LANGUAGE_STANDARD = "gnu++14";
				CLANG_CXX_LIBRARY = "libc++";
				CLANG_ENABLE_MODULES = YES;
				CLANG_ENABLE_OBJC_ARC = YES;
				CLANG_ENABLE_OBJC_WEAK = YES;
				CLANG_WARN_BLOCK_CAPTURE_AUTORELEASING = YES;
				CLANG_WARN_BOOL_CONVERSION = YES;
				CLANG_WARN_COMMA = YES;
				CLANG_WARN_CONSTANT_CONVERSION = YES;
				CLANG_WARN_DEPRECATED_OBJC_IMPLEMENTATIONS = YES;
				CLANG_WARN_DIRECT_OBJC_ISA_USAGE = YES_ERROR;
				CLANG_WARN_DOCUMENTATION_COMMENTS = YES;
				CLANG_WARN_EMPTY_BODY = YES;
				CLANG_WARN_ENUM_CONVERSION = YES;
				CLANG_WARN_INFINITE_RECURSION = YES;
				CLANG_WARN_INT_CONVERSION = YES;
				CLANG_WARN_NON_LITERAL_NULL_CONVERSION = YES;
				CLANG_WARN_OBJC_IMPLICIT_RETAIN_SELF = YES;
				CLANG_WARN_OBJC_LITERAL_CONVERSION = YES;
				CLANG_WARN_OBJC_ROOT_CLASS = YES_ERROR;
				CLANG_WARN_QUOTED_INCLUDE_IN_FRAMEWORK_HEADER = YES;
				CLANG_WARN_RANGE_LOOP_ANALYSIS = YES;
				CLANG_WARN_STRICT_PROTOTYPES = YES;
				CLANG_WARN_SUSPICIOUS_MOVE = YES;
				CLANG_WARN_UNGUARDED_AVAILABILITY = YES_AGGRESSIVE;
				CLANG_WARN_UNREACHABLE_CODE = YES;
				CLANG_WARN__DUPLICATE_METHOD_MATCH = YES;
				COPY_PHASE_STRIP = NO;
				DEBUG_INFORMATION_FORMAT = dwarf;
				ENABLE_STRICT_OBJC_MSGSEND = YES;
				ENABLE_TESTABILITY = YES;
				GCC_C_LANGUAGE_STANDARD = gnu11;
				GCC_DYNAMIC_NO_PIC = NO;
				GCC_NO_COMMON_BLOCKS = YES;
				GCC_OPTIMIZATION_LEVEL = 0;
				GCC_PREPROCESSOR_DEFINITIONS = (
					"$(inherited)",
					"DEBUG=1",
				);
				GCC_WARN_64_TO_32_BIT_CONVERSION = YES;
				GCC_WARN_ABOUT_RETURN_TYPE = YES_ERROR;
				GCC_WARN_UNDECLARED_SELECTOR = YES;
				GCC_WARN_UNINITIALIZED_AUTOS = YES_AGGRESSIVE;
				GCC_WARN_UNUSED_FUNCTION = YES;
				GCC_WARN_UNUSED_VARIABLE = YES;
				IPHONEOS_DEPLOYMENT_TARGET = 18.0;
				MTL_ENABLE_DEBUG_INFO = INCLUDE_SOURCE;
				MTL_FAST_MATH = YES;
				ONLY_ACTIVE_ARCH = YES;
				PRODUCT_NAME = "$(TARGET_NAME)";
				SDKROOT = iphoneos;
				SWIFT_ACTIVE_COMPILATION_CONDITIONS = DEBUG;
				SWIFT_OPTIMIZATION_LEVEL = "-Onone";
				SWIFT_VERSION = 5.0;
			};
			name = Debug;
		};
		830736CF83CD4DF056BF4A41 /* Debug */ = {
			isa = XCBuildConfiguration;
			buildSettings = {
				ASSETCATALOG_COMPILER_APPICON_NAME = AppIcon;
				CODE_SIGN_IDENTITY = "iPhone Developer";
				CODE_SIGN_STYLE = Automatic;
				INFOPLIST_FILE = iOSEchoDemo/Info.plist;
				INFOPLIST_KEY_NSMicrophoneUsageDescription = "Microphone access for speech echo demo";
				LD_RUNPATH_SEARCH_PATHS = (
					"$(inherited)",
					"@executable_path/Frameworks",
				);
				OTHER_LDFLAGS = (
					"-Wl,-undefined,dynamic_lookup",
				);
				PRODUCT_BUNDLE_IDENTIFIER = audio.soniqo.iOSEchoDemo;
				SDKROOT = iphoneos;
				TARGETED_DEVICE_FAMILY = "1,2";
			};
			name = Debug;
		};
		A064FF9B698F04265D276A22 /* Release */ = {
			isa = XCBuildConfiguration;
			buildSettings = {
				ASSETCATALOG_COMPILER_APPICON_NAME = AppIcon;
				CODE_SIGN_IDENTITY = "iPhone Developer";
				CODE_SIGN_STYLE = Automatic;
				INFOPLIST_FILE = iOSEchoDemo/Info.plist;
				INFOPLIST_KEY_NSMicrophoneUsageDescription = "Microphone access for speech echo demo";
				LD_RUNPATH_SEARCH_PATHS = (
					"$(inherited)",
					"@executable_path/Frameworks",
				);
				OTHER_LDFLAGS = (
					"-Wl,-undefined,dynamic_lookup",
				);
				PRODUCT_BUNDLE_IDENTIFIER = audio.soniqo.iOSEchoDemo;
				SDKROOT = iphoneos;
				TARGETED_DEVICE_FAMILY = "1,2";
			};
			name = Release;
		};
		C97BD47D64AF4106C3561FDD /* Release */ = {
			isa = XCBuildConfiguration;
			buildSettings = {
				ALWAYS_SEARCH_USER_PATHS = NO;
				CLANG_ANALYZER_NONNULL = YES;
				CLANG_ANALYZER_NUMBER_OBJECT_CONVERSION = YES_AGGRESSIVE;
				CLANG_CXX_LANGUAGE_STANDARD = "gnu++14";
				CLANG_CXX_LIBRARY = "libc++";
				CLANG_ENABLE_MODULES = YES;
				CLANG_ENABLE_OBJC_ARC = YES;
				CLANG_ENABLE_OBJC_WEAK = YES;
				CLANG_WARN_BLOCK_CAPTURE_AUTORELEASING = YES;
				CLANG_WARN_BOOL_CONVERSION = YES;
				CLANG_WARN_COMMA = YES;
				CLANG_WARN_CONSTANT_CONVERSION = YES;
				CLANG_WARN_DEPRECATED_OBJC_IMPLEMENTATIONS = YES;
				CLANG_WARN_DIRECT_OBJC_ISA_USAGE = YES_ERROR;
				CLANG_WARN_DOCUMENTATION_COMMENTS = YES;
				CLANG_WARN_EMPTY_BODY = YES;
				CLANG_WARN_ENUM_CONVERSION = YES;
				CLANG_WARN_INFINITE_RECURSION = YES;
				CLANG_WARN_INT_CONVERSION = YES;
				CLANG_WARN_NON_LITERAL_NULL_CONVERSION = YES;
				CLANG_WARN_OBJC_IMPLICIT_RETAIN_SELF = YES;
				CLANG_WARN_OBJC_LITERAL_CONVERSION = YES;
				CLANG_WARN_OBJC_ROOT_CLASS = YES_ERROR;
				CLANG_WARN_QUOTED_INCLUDE_IN_FRAMEWORK_HEADER = YES;
				CLANG_WARN_RANGE_LOOP_ANALYSIS = YES;
				CLANG_WARN_STRICT_PROTOTYPES = YES;
				CLANG_WARN_SUSPICIOUS_MOVE = YES;
				CLANG_WARN_UNGUARDED_AVAILABILITY = YES_AGGRESSIVE;
				CLANG_WARN_UNREACHABLE_CODE = YES;
				CLANG_WARN__DUPLICATE_METHOD_MATCH = YES;
				COPY_PHASE_STRIP = NO;
				DEBUG_INFORMATION_FORMAT = "dwarf-with-dsym";
				ENABLE_NS_ASSERTIONS = NO;
				ENABLE_STRICT_OBJC_MSGSEND = YES;
				GCC_C_LANGUAGE_STANDARD = gnu11;
				GCC_NO_COMMON_BLOCKS = YES;
				GCC_WARN_64_TO_32_BIT_CONVERSION = YES;
				GCC_WARN_ABOUT_RETURN_TYPE = YES_ERROR;
				GCC_WARN_UNDECLARED_SELECTOR = YES;
				GCC_WARN_UNINITIALIZED_AUTOS = YES_AGGRESSIVE;
				GCC_WARN_UNUSED_FUNCTION = YES;
				GCC_WARN_UNUSED_VARIABLE = YES;
				IPHONEOS_DEPLOYMENT_TARGET = 18.0;
				MTL_ENABLE_DEBUG_INFO = NO;
				MTL_FAST_MATH = YES;
				PRODUCT_NAME = "$(TARGET_NAME)";
				SDKROOT = iphoneos;
				SWIFT_COMPILATION_MODE = wholemodule;
				SWIFT_OPTIMIZATION_LEVEL = "-O";
				SWIFT_VERSION = 5.0;
			};
			name = Release;
		};
/* End XCBuildConfiguration section */

/* Begin XCConfigurationList section */
		9A8ACB4F48AC031123D201F2 /* Build configuration list for PBXProject "iOSEchoDemo" */ = {
			isa = XCConfigurationList;
			buildConfigurations = (
				1F1494CC74A6B81CC7422A3F /* Debug */,
				C97BD47D64AF4106C3561FDD /* Release */,
			);
			defaultConfigurationIsVisible = 0;
			defaultConfigurationName = Debug;
		};
		C679579BD4C3F79E69623021 /* Build configuration list for PBXNativeTarget "iOSEchoDemo" */ = {
			isa = XCConfigurationList;
			buildConfigurations = (
				830736CF83CD4DF056BF4A41 /* Debug */,
				A064FF9B698F04265D276A22 /* Release */,
			);
			defaultConfigurationIsVisible = 0;
			defaultConfigurationName = Debug;
		};
/* End XCConfigurationList section */

/* Begin XCLocalSwiftPackageReference section */
		D3A316A5C8FE280B7A2EA236 /* XCLocalSwiftPackageReference "../.." */ = {
			isa = XCLocalSwiftPackageReference;
			relativePath = ../..;
		};
/* End XCLocalSwiftPackageReference section */

/* Begin XCSwiftPackageProductDependency section */
		0CD0961767393FDA6C01CB0D /* Qwen3ASR */ = {
			isa = XCSwiftPackageProductDependency;
			productName = Qwen3ASR;
		};
		A31E746A6D108DB099E56A49 /* KokoroTTS */ = {
			isa = XCSwiftPackageProductDependency;
			productName = KokoroTTS;
		};
		A56D009A81689AF6BDFF04C0 /* SpeechVAD */ = {
			isa = XCSwiftPackageProductDependency;
			productName = SpeechVAD;
		};
		B3165CD4BB1748412E89D3C9 /* AudioCommon */ = {
			isa = XCSwiftPackageProductDependency;
			productName = AudioCommon;
		};
/* End XCSwiftPackageProductDependency section */
	};
	rootObject = 6E2023761F3147EAECED13BE /* Project object */;
}
